// !$*UTF8*$!
{
	archiveVersion = 1;
	classes = {
	};
	objectVersion = 48;
	objects = {

/* Begin PBXBuildFile section */
		03C4AF161FA5F88A00D3F479 /* AppDelegate.swift in Sources */ = {isa = PBXBuildFile; fileRef = 03C4AF151FA5F88A00D3F479 /* AppDelegate.swift */; };
		03C4AF181FA5F88A00D3F479 /* ViewController.swift in Sources */ = {isa = PBXBuildFile; fileRef = 03C4AF171FA5F88A00D3F479 /* ViewController.swift */; };
		03C4AF1B1FA5F88A00D3F479 /* Main.storyboard in Resources */ = {isa = PBXBuildFile; fileRef = 03C4AF191FA5F88A00D3F479 /* Main.storyboard */; };
		03C4AF1E1FA5F88A00D3F479 /* NTAC.xcdatamodeld in Sources */ = {isa = PBXBuildFile; fileRef = 03C4AF1C1FA5F88A00D3F479 /* NTAC.xcdatamodeld */; };
		03C4AF201FA5F88A00D3F479 /* Assets.xcassets in Resources */ = {isa = PBXBuildFile; fileRef = 03C4AF1F1FA5F88A00D3F479 /* Assets.xcassets */; };
		03C4AF231FA5F88A00D3F479 /* LaunchScreen.storyboard in Resources */ = {isa = PBXBuildFile; fileRef = 03C4AF211FA5F88A00D3F479 /* LaunchScreen.storyboard */; };
/* End PBXBuildFile section */

/* Begin PBXFileReference section */
		03C4AF121FA5F88A00D3F479 /* NTAC.app */ = {isa = PBXFileReference; explicitFileType = wrapper.application; includeInIndex = 0; path = NTAC.app; sourceTree = BUILT_PRODUCTS_DIR; };
		03C4AF151FA5F88A00D3F479 /* AppDelegate.swift */ = {isa = PBXFileReference; lastKnownFileType = sourcecode.swift; path = AppDelegate.swift; sourceTree = "<group>"; };
		03C4AF171FA5F88A00D3F479 /* ViewController.swift */ = {isa = PBXFileReference; lastKnownFileType = sourcecode.swift; path = ViewController.swift; sourceTree = "<group>"; };
		03C4AF1A1FA5F88A00D3F479 /* Base */ = {isa = PBXFileReference; lastKnownFileType = file.storyboard; name = Base; path = Base.lproj/Main.storyboard; sourceTree = "<group>"; };
		03C4AF1D1FA5F88A00D3F479 /* NTAC.xcdatamodel */ = {isa = PBXFileReference; lastKnownFileType = wrapper.xcdatamodel; path = NTAC.xcdatamodel; sourceTree = "<group>"; };
		03C4AF1F1FA5F88A00D3F479 /* Assets.xcassets */ = {isa = PBXFileReference; lastKnownFileType = folder.assetcatalog; path = Assets.xcassets; sourceTree = "<group>"; };
		03C4AF221FA5F88A00D3F479 /* Base */ = {isa = PBXFileReference; lastKnownFileType = file.storyboard; name = Base; path = Base.lproj/LaunchScreen.storyboard; sourceTree = "<group>"; };
		03C4AF241FA5F88A00D3F479 /* Info.plist */ = {isa = PBXFileReference; lastKnownFileType = text.plist.xml; path = Info.plist; sourceTree = "<group>"; };
/* End PBXFileReference section */

/* Begin PBXFrameworksBuildPhase section */
		03C4AF0F1FA5F88A00D3F479 /* Frameworks */ = {
			isa = PBXFrameworksBuildPhase;
			buildActionMask = 2147483647;
			files = (
			);
			runOnlyForDeploymentPostprocessing = 0;
		};
/* End PBXFrameworksBuildPhase section */

/* Begin PBXGroup section */
		03C4AF091FA5F88900D3F479 = {
			isa = PBXGroup;
			children = (
				03C4AF141FA5F88A00D3F479 /* NTAC */,
				03C4AF131FA5F88A00D3F479 /* Products */,
			);
			sourceTree = "<group>";
		};
		03C4AF131FA5F88A00D3F479 /* Products */ = {
			isa = PBXGroup;
			children = (
				03C4AF121FA5F88A00D3F479 /* NTAC.app */,
			);
			name = Products;
			sourceTree = "<group>";
		};
		03C4AF141FA5F88A00D3F479 /* NTAC */ = {
			isa = PBXGroup;
			children = (
				03C4AF151FA5F88A00D3F479 /* AppDelegate.swift */,
				03C4AF171FA5F88A00D3F479 /* ViewController.swift */,
				03C4AF191FA5F88A00D3F479 /* Main.storyboard */,
				03C4AF1F1FA5F88A00D3F479 /* Assets.xcassets */,
				03C4AF211FA5F88A00D3F479 /* LaunchScreen.storyboard */,
				03C4AF241FA5F88A00D3F479 /* Info.plist */,
				03C4AF1C1FA5F88A00D3F479 /* NTAC.xcdatamodeld */,
			);
			path = NTAC;
			sourceTree = "<group>";
		};
/* End PBXGroup section */

/* Begin PBXNativeTarget section */
		03C4AF111FA5F88A00D3F479 /* NTAC */ = {
			isa = PBXNativeTarget;
			buildConfigurationList = 03C4AF271FA5F88A00D3F479 /* Build configuration list for PBXNativeTarget "NTAC" */;
			buildPhases = (
				03C4AF0E1FA5F88A00D3F479 /* Sources */,
				03C4AF0F1FA5F88A00D3F479 /* Frameworks */,
				03C4AF101FA5F88A00D3F479 /* Resources */,
			);
			buildRules = (
			);
			dependencies = (
			);
			name = NTAC;
			productName = NTAC;
			productReference = 03C4AF121FA5F88A00D3F479 /* NTAC.app */;
			productType = "com.apple.product-type.application";
		};
/* End PBXNativeTarget section */

/* Begin PBXProject section */
		03C4AF0A1FA5F88900D3F479 /* Project object */ = {
			isa = PBXProject;
			attributes = {
				LastSwiftUpdateCheck = 0900;
				LastUpgradeCheck = 0900;
				ORGANIZATIONNAME = Hell;
				TargetAttributes = {
					03C4AF111FA5F88A00D3F479 = {
						CreatedOnToolsVersion = 9.0.1;
						ProvisioningStyle = Automatic;
					};
				};
			};
			buildConfigurationList = 03C4AF0D1FA5F88900D3F479 /* Build configuration list for PBXProject "NTAC" */;
			compatibilityVersion = "Xcode 8.0";
			developmentRegion = en;
			hasScannedForEncodings = 0;
			knownRegions = (
				en,
				Base,
			);
			mainGroup = 03C4AF091FA5F88900D3F479;
			productRefGroup = 03C4AF131FA5F88A00D3F479 /* Products */;
			projectDirPath = "";
			projectRoot = "";
			targets = (
				03C4AF111FA5F88A00D3F479 /* NTAC */,
			);
		};
/* End PBXProject section */

/* Begin PBXResourcesBuildPhase section */
		03C4AF101FA5F88A00D3F479 /* Resources */ = {
			isa = PBXResourcesBuildPhase;
			buildActionMask = 2147483647;
			files = (
				03C4AF231FA5F88A00D3F479 /* LaunchScreen.storyboard in Resources */,
				03C4AF201FA5F88A00D3F479 /* Assets.xcassets in Resources */,
				03C4AF1B1FA5F88A00D3F479 /* Main.storyboard in Resources */,
			);
			runOnlyForDeploymentPostprocessing = 0;
		};
/* End PBXResourcesBuildPhase section */

/* Begin PBXSourcesBuildPhase section */
		03C4AF0E1FA5F88A00D3F479 /* Sources */ = {
			isa = PBXSourcesBuildPhase;
			buildActionMask = 2147483647;
			files = (
				03C4AF181FA5F88A00D3F479 /* ViewController.swift in Sources */,
				03C4AF161FA5F88A00D3F479 /* AppDelegate.swift in Sources */,
				03C4AF1E1FA5F88A00D3F479 /* NTAC.xcdatamodeld in Sources */,
			);
			runOnlyForDeploymentPostprocessing = 0;
		};
/* End PBXSourcesBuildPhase section */

/* Begin PBXVariantGroup section */
		03C4AF191FA5F88A00D3F479 /* Main.storyboard */ = {
			isa = PBXVariantGroup;
			children = (
				03C4AF1A1FA5F88A00D3F479 /* Base */,
			);
			name = Main.storyboard;
			sourceTree = "<group>";
		};
		03C4AF211FA5F88A00D3F479 /* LaunchScreen.storyboard */ = {
			isa = PBXVariantGroup;
			children = (
				03C4AF221FA5F88A00D3F479 /* Base */,
			);
			name = LaunchScreen.storyboard;
			sourceTree = "<group>";
		};
/* End PBXVariantGroup section */

/* Begin XCBuildConfiguration section */
		03C4AF251FA5F88A00D3F479 /* Debug */ = {
			isa = XCBuildConfiguration;
			buildSettings = {
				ALWAYS_SEARCH_USER_PATHS = NO;
				CLANG_ANALYZER_NONNULL = YES;
				CLANG_ANALYZER_NUMBER_OBJECT_CONVERSION = YES_AGGRESSIVE;
				CLANG_CXX_LANGUAGE_STANDARD = "gnu++14";
				CLANG_CXX_LIBRARY = "libc++";
				CLANG_ENABLE_MODULES = YES;
				CLANG_ENABLE_OBJC_ARC = YES;
				CLANG_WARN_BLOCK_CAPTURE_AUTORELEASING = YES;
				CLANG_WARN_BOOL_CONVERSION = YES;
				CLANG_WARN_COMMA = YES;
				CLANG_WARN_CONSTANT_CONVERSION = YES;
				CLANG_WARN_DIRECT_OBJC_ISA_USAGE = YES_ERROR;
				CLANG_WARN_DOCUMENTATION_COMMENTS = YES;
				CLANG_WARN_EMPTY_BODY = YES;
				CLANG_WARN_ENUM_CONVERSION = YES;
				CLANG_WARN_INFINITE_RECURSION = YES;
				CLANG_WARN_INT_CONVERSION = YES;
				CLANG_WARN_NON_LITERAL_NULL_CONVERSION = YES;
				CLANG_WARN_OBJC_LITERAL_CONVERSION = YES;
				CLANG_WARN_OBJC_ROOT_CLASS = YES_ERROR;
				CLANG_WARN_RANGE_LOOP_ANALYSIS = YES;
				CLANG_WARN_STRICT_PROTOTYPES = YES;
				CLANG_WARN_SUSPICIOUS_MOVE = YES;
				CLANG_WARN_UNGUARDED_AVAILABILITY = YES_AGGRESSIVE;
				CLANG_WARN_UNREACHABLE_CODE = YES;
				CLANG_WARN__DUPLICATE_METHOD_MATCH = YES;
				CODE_SIGN_IDENTITY = "iPhone Developer";
				COPY_PHASE_STRIP = NO;
				DEBUG_INFORMATION_FORMAT = dwarf;
				ENABLE_STRICT_OBJC_MSGSEND = YES;
				ENABLE_TESTABILITY = YES;
				GCC_C_LANGUAGE_STANDARD = gnu11;
				GCC_DYNAMIC_NO_PIC = NO;
				GCC_NO_COMMON_BLOCKS = YES;
				GCC_OPTIMIZATION_LEVEL = 0;
				GCC_PREPROCESSOR_DEFINITIONS = (
					"DEBUG=1",
					"$(inherited)",
				);
				GCC_WARN_64_TO_32_BIT_CONVERSION = YES;
				GCC_WARN_ABOUT_RETURN_TYPE = YES_ERROR;
				GCC_WARN_UNDECLARED_SELECTOR = YES;
				GCC_WARN_UNINITIALIZED_AUTOS = YES_AGGRESSIVE;
				GCC_WARN_UNUSED_FUNCTION = YES;
				GCC_WARN_UNUSED_VARIABLE = YES;
				IPHONEOS_DEPLOYMENT_TARGET = 11.0;
				MTL_ENABLE_DEBUG_INFO = YES;
				ONLY_ACTIVE_ARCH = YES;
				SDKROOT = iphoneos;
				SWIFT_ACTIVE_COMPILATION_CONDITIONS = DEBUG;
				SWIFT_OPTIMIZATION_LEVEL = "-Onone";
			};
			name = Debug;
		};
		03C4AF261FA5F88A00D3F479 /* Release */ = {
			isa = XCBuildConfiguration;
			buildSettings = {
				ALWAYS_SEARCH_USER_PATHS = NO;
				CLANG_ANALYZER_NONNULL = YES;
				CLANG_ANALYZER_NUMBER_OBJECT_CONVERSION = YES_AGGRESSIVE;
				CLANG_CXX_LANGUAGE_STANDARD = "gnu++14";
				CLANG_CXX_LIBRARY = "libc++";
				CLANG_ENABLE_MODULES = YES;
				CLANG_ENABLE_OBJC_ARC = YES;
				CLANG_WARN_BLOCK_CAPTURE_AUTORELEASING = YES;
				CLANG_WARN_BOOL_CONVERSION = YES;
				CLANG_WARN_COMMA = YES;
				CLANG_WARN_CONSTANT_CONVERSION = YES;
				CLANG_WARN_DIRECT_OBJC_ISA_USAGE = YES_ERROR;
				CLANG_WARN_DOCUMENTATION_COMMENTS = YES;
				CLANG_WARN_EMPTY_BODY = YES;
				CLANG_WARN_ENUM_CONVERSION = YES;
				CLANG_WARN_INFINITE_RECURSION = YES;
				CLANG_WARN_INT_CONVERSION = YES;
				CLANG_WARN_NON_LITERAL_NULL_CONVERSION = YES;
				CLANG_WARN_OBJC_LITERAL_CONVERSION = YES;
				CLANG_WARN_OBJC_ROOT_CLASS = YES_ERROR;
				CLANG_WARN_RANGE_LOOP_ANALYSIS = YES;
				CLANG_WARN_STRICT_PROTOTYPES = YES;
				CLANG_WARN_SUSPICIOUS_MOVE = YES;
				CLANG_WARN_UNGUARDED_AVAILABILITY = YES_AGGRESSIVE;
				CLANG_WARN_UNREACHABLE_CODE = YES;
				CLANG_WARN__DUPLICATE_METHOD_MATCH = YES;
				CODE_SIGN_IDENTITY = "iPhone Developer";
				COPY_PHASE_STRIP = NO;
				DEBUG_INFORMATION_FORMAT = "dwarf-with-dsym";
				ENABLE_NS_ASSERTIONS = NO;
				ENABLE_STRICT_OBJC_MSGSEND = YES;
				GCC_C_LANGUAGE_STANDARD = gnu11;
				GCC_NO_COMMON_BLOCKS = YES;
				GCC_WARN_64_TO_32_BIT_CONVERSION = YES;
				GCC_WARN_ABOUT_RETURN_TYPE = YES_ERROR;
				GCC_WARN_UNDECLARED_SELECTOR = YES;
				GCC_WARN_UNINITIALIZED_AUTOS = YES_AGGRESSIVE;
				GCC_WARN_UNUSED_FUNCTION = YES;
				GCC_WARN_UNUSED_VARIABLE = YES;
				IPHONEOS_DEPLOYMENT_TARGET = 11.0;
				MTL_ENABLE_DEBUG_INFO = NO;
				SDKROOT = iphoneos;
				SWIFT_OPTIMIZATION_LEVEL = "-Owholemodule";
				VALIDATE_PRODUCT = YES;
			};
			name = Release;
		};
		03C4AF281FA5F88A00D3F479 /* Debug */ = {
			isa = XCBuildConfiguration;
			buildSettings = {
				ASSETCATALOG_COMPILER_APPICON_NAME = AppIcon;
				CODE_SIGN_STYLE = Automatic;
				INFOPLIST_FILE = NTAC/Info.plist;
				LD_RUNPATH_SEARCH_PATHS = "$(inherited) @executable_path/Frameworks";
				PRODUCT_BUNDLE_IDENTIFIER = com.NTAC;
				PRODUCT_NAME = "$(TARGET_NAME)";
				SWIFT_VERSION = 4.0;
				TARGETED_DEVICE_FAMILY = "1,2";
			};
			name = Debug;
		};
		03C4AF291FA5F88A00D3F479 /* Release */ = {
			isa = XCBuildConfiguration;
			buildSettings = {
				ASSETCATALOG_COMPILER_APPICON_NAME = AppIcon;
				CODE_SIGN_STYLE = Automatic;
				INFOPLIST_FILE = NTAC/Info.plist;
				LD_RUNPATH_SEARCH_PATHS = "$(inherited) @executable_path/Frameworks";
				PRODUCT_BUNDLE_IDENTIFIER = com.NTAC;
				PRODUCT_NAME = "$(TARGET_NAME)";
				SWIFT_VERSION = 4.0;
				TARGETED_DEVICE_FAMILY = "1,2";
			};
			name = Release;
		};
/* End XCBuildConfiguration section */

/* Begin XCConfigurationList section */
		03C4AF0D1FA5F88900D3F479 /* Build configuration list for PBXProject "NTAC" */ = {
			isa = XCConfigurationList;
			buildConfigurations = (
				03C4AF251FA5F88A00D3F479 /* Debug */,
				03C4AF261FA5F88A00D3F479 /* Release */,
			);
			defaultConfigurationIsVisible = 0;
			defaultConfigurationName = Release;
		};
		03C4AF271FA5F88A00D3F479 /* Build configuration list for PBXNativeTarget "NTAC" */ = {
			isa = XCConfigurationList;
			buildConfigurations = (
				03C4AF281FA5F88A00D3F479 /* Debug */,
				03C4AF291FA5F88A00D3F479 /* Release */,
			);
			defaultConfigurationIsVisible = 0;
			defaultConfigurationName = Release;
		};
/* End XCConfigurationList section */

/* Begin XCVersionGroup section */
		03C4AF1C1FA5F88A00D3F479 /* NTAC.xcdatamodeld */ = {
			isa = XCVersionGroup;
			children = (
				03C4AF1D1FA5F88A00D3F479 /* NTAC.xcdatamodel */,
			);
			currentVersion = 03C4AF1D1FA5F88A00D3F479 /* NTAC.xcdatamodel */;
			path = NTAC.xcdatamodeld;
			sourceTree = "<group>";
			versionGroupType = wrapper.xcdatamodel;
		};
/* End XCVersionGroup section */
	};
	rootObject = 03C4AF0A1FA5F88900D3F479 /* Project object */;
}
